
Microsoft Visual Studio Solution File, Format Version 12.00
# Visual Studio 15
Project("{FAE04EC0-301F-11D3-BF4B-00C04F79EFBC}") = "Assembly-CSharp", "Assembly-CSharp.csproj", "{FBCFBF64-9C20-0418-3D1F-A2E55805E96F}"
EndProject
Global
	GlobalSection(SolutionConfigurationPlatforms) = preSolution
		Debug|Any CPU = Debug|Any CPU
		Release|Any CPU = Release|Any CPU
	EndGlobalSection
	GlobalSection(ProjectConfigurationPlatforms) = postSolution
		{FBCFBF64-9C20-0418-3D1F-A2E55805E96F}.Debug|Any CPU.ActiveCfg = Debug|Any CPU
		{FBCFBF64-9C20-0418-3D1F-A2E55805E96F}.Debug|Any CPU.Build.0 = Debug|Any CPU
		{FBCFBF64-9C20-0418-3D1F-A2E55805E96F}.Release|Any CPU.ActiveCfg = Release|Any CPU
		{FBCFBF64-9C20-0418-3D1F-A2E55805E96F}.Release|Any CPU.Build.0 = Release|Any CPU
	EndGlobalSection
	GlobalSection(SolutionProperties) = preSolution
		HideSolutionNode = FALSE
	EndGlobalSection
EndGlobal
